
Microsoft Visual Studio Solution File, Format Version 12.00
# Visual Studio 2012
VisualStudioVersion = 14.0.24720.0
MinimumVisualStudioVersion = 10.0.40219.1
Project("{FAE04EC0-301F-11D3-BF4B-00C04F79EFBC}") = "GlowingBrain.Utilities", "GlowingBrain.Utilities\GlowingBrain.Utilities.csproj", "{D76C4118-18B2-433C-8D84-E04076C7E707}"
EndProject
Project("{FAE04EC0-301F-11D3-BF4B-00C04F79EFBC}") = "GlowingBrain.Utilities.Tests", "GlowingBrain.Utilities.Tests\GlowingBrain.Utilities.Tests.csproj", "{1DCE9B0E-FE5F-4129-AA60-3AE01BC90DEC}"
EndProject
Global
	GlobalSection(SolutionConfigurationPlatforms) = preSolution
		Debug|Any CPU = Debug|Any CPU
		Release|Any CPU = Release|Any CPU
	EndGlobalSection
	GlobalSection(ProjectConfigurationPlatforms) = postSolution
		{1DCE9B0E-FE5F-4129-AA60-3AE01BC90DEC}.Debug|Any CPU.ActiveCfg = Debug|Any CPU
		{1DCE9B0E-FE5F-4129-AA60-3AE01BC90DEC}.Debug|Any CPU.Build.0 = Debug|Any CPU
		{1DCE9B0E-FE5F-4129-AA60-3AE01BC90DEC}.Release|Any CPU.ActiveCfg = Release|Any CPU
		{1DCE9B0E-FE5F-4129-AA60-3AE01BC90DEC}.Release|Any CPU.Build.0 = Release|Any CPU
		{D76C4118-18B2-433C-8D84-E04076C7E707}.Debug|Any CPU.ActiveCfg = Debug|Any CPU
		{D76C4118-18B2-433C-8D84-E04076C7E707}.Debug|Any CPU.Build.0 = Debug|Any CPU
		{D76C4118-18B2-433C-8D84-E04076C7E707}.Release|Any CPU.ActiveCfg = Release|Any CPU
		{D76C4118-18B2-433C-8D84-E04076C7E707}.Release|Any CPU.Build.0 = Release|Any CPU
	EndGlobalSection
	GlobalSection(SolutionProperties) = preSolution
		HideSolutionNode = FALSE
	EndGlobalSection
EndGlobal
